
Microsoft Visual Studio Solution File, Format Version 12.00
# Visual Studio 15
VisualStudioVersion = 15.0.27703.2042
MinimumVisualStudioVersion = 10.0.40219.1
Project("{FAE04EC0-301F-11D3-BF4B-00C04F79EFBC}") = "Mel_Medicare_Location_Reservation_System", "Mel_Medicare_Location_Reservation_System\Mel_Medicare_Location_Reservation_System.csproj", "{724059FA-86E8-416C-874C-3BACE3D70C90}"
EndProject
Global
	GlobalSection(SolutionConfigurationPlatforms) = preSolution
		Debug|Any CPU = Debug|Any CPU
		Release|Any CPU = Release|Any CPU
	EndGlobalSection
	GlobalSection(ProjectConfigurationPlatforms) = postSolution
		{724059FA-86E8-416C-874C-3BACE3D70C90}.Debug|Any CPU.ActiveCfg = Debug|Any CPU
		{724059FA-86E8-416C-874C-3BACE3D70C90}.Debug|Any CPU.Build.0 = Debug|Any CPU
		{724059FA-86E8-416C-874C-3BACE3D70C90}.Release|Any CPU.ActiveCfg = Release|Any CPU
		{724059FA-86E8-416C-874C-3BACE3D70C90}.Release|Any CPU.Build.0 = Release|Any CPU
	EndGlobalSection
	GlobalSection(SolutionProperties) = preSolution
		HideSolutionNode = FALSE
	EndGlobalSection
	GlobalSection(ExtensibilityGlobals) = postSolution
		SolutionGuid = {36C09AA6-4A5C-4031-A89E-BC3F6E9F83A8}
	EndGlobalSection
EndGlobal
